
Microsoft Visual Studio Solution File, Format Version 12.00
# Visual Studio Version 16
VisualStudioVersion = 16.0.30413.136
MinimumVisualStudioVersion = 10.0.40219.1
Project("{FAE04EC0-301F-11D3-BF4B-00C04F79EFBC}") = "Elev99", "Elev99\Elev99.csproj", "{BE4C5E25-1906-4CEE-BEE3-6BBDA08E793D}"
EndProject
Global
	GlobalSection(SolutionConfigurationPlatforms) = preSolution
		Debug|Any CPU = Debug|Any CPU
		Release|Any CPU = Release|Any CPU
	EndGlobalSection
	GlobalSection(ProjectConfigurationPlatforms) = postSolution
		{BE4C5E25-1906-4CEE-BEE3-6BBDA08E793D}.Debug|Any CPU.ActiveCfg = Debug|Any CPU
		{BE4C5E25-1906-4CEE-BEE3-6BBDA08E793D}.Debug|Any CPU.Build.0 = Debug|Any CPU
		{BE4C5E25-1906-4CEE-BEE3-6BBDA08E793D}.Release|Any CPU.ActiveCfg = Release|Any CPU
		{BE4C5E25-1906-4CEE-BEE3-6BBDA08E793D}.Release|Any CPU.Build.0 = Release|Any CPU
	EndGlobalSection
	GlobalSection(SolutionProperties) = preSolution
		HideSolutionNode = FALSE
	EndGlobalSection
	GlobalSection(ExtensibilityGlobals) = postSolution
		SolutionGuid = {F6FEEA0D-6A61-474E-B8C6-7CFF4E012688}
	EndGlobalSection
EndGlobal
